
Microsoft Visual Studio Solution File, Format Version 12.00
# Visual Studio Version 16
VisualStudioVersion = 16.0.29306.81
MinimumVisualStudioVersion = 10.0.40219.1
Project("{FAE04EC0-301F-11D3-BF4B-00C04F79EFBC}") = "NamespaceEnum", "NamespaceEnum\NamespaceEnum.csproj", "{5AE171D5-1144-479E-AF1D-2A259088C366}"
EndProject
Global
	GlobalSection(SolutionConfigurationPlatforms) = preSolution
		Debug|Any CPU = Debug|Any CPU
		Release|Any CPU = Release|Any CPU
	EndGlobalSection
	GlobalSection(ProjectConfigurationPlatforms) = postSolution
		{5AE171D5-1144-479E-AF1D-2A259088C366}.Debug|Any CPU.ActiveCfg = Debug|Any CPU
		{5AE171D5-1144-479E-AF1D-2A259088C366}.Debug|Any CPU.Build.0 = Debug|Any CPU
		{5AE171D5-1144-479E-AF1D-2A259088C366}.Release|Any CPU.ActiveCfg = Release|Any CPU
		{5AE171D5-1144-479E-AF1D-2A259088C366}.Release|Any CPU.Build.0 = Release|Any CPU
	EndGlobalSection
	GlobalSection(SolutionProperties) = preSolution
		HideSolutionNode = FALSE
	EndGlobalSection
	GlobalSection(ExtensibilityGlobals) = postSolution
		SolutionGuid = {34CA2156-D575-4954-A319-C4A10A59649A}
	EndGlobalSection
EndGlobal
